<?xml version="1.0" encoding="utf-8"?>
<Project ToolsVersion="4.0" xmlns="http://schemas.microsoft.com/developer/msbuild/2003">
  <ItemGroup>
    <Filter Include="Fichiers sources">
      <UniqueIdentifier>{4FC737F1-C7A5-4376-A066-2A32D752A2FF}</UniqueIdentifier>
      <Extensions>cpp;c;cc;cxx;def;odl;idl;hpj;bat;asm;asmx</Extensions>
    </Filter>
    <Filter Include="Fichiers d%27en-tête">
      <UniqueIdentifier>{93995380-89BD-4b04-88EB-625FBE52EBFB}</UniqueIdentifier>
      <Extensions>h;hh;hpp;hxx;hm;inl;inc;ipp;xsd</Extensions>
    </Filter>
    <Filter Include="Fichiers de ressources">
      <UniqueIdentifier>{67DA6AB6-F800-4c08-8B7A-83BB121AAD01}</UniqueIdentifier>
      <Extensions>rc;ico;cur;bmp;dlg;rc2;rct;bin;rgs;gif;jpg;jpeg;jpe;resx;tiff;tif;png;wav;mfcribbon-ms</Extensions>
    </Filter>
  </ItemGroup>
  <ItemGroup>
    <ClCompile Include="billet.cpp">
      <Filter>Fichiers sources</Filter>
    </ClCompile>
    <ClCompile Include="billetRegulier.cpp">
      <Filter>Fichiers sources</Filter>
    </ClCompile>
    <ClCompile Include="billetRegulierSolde.cpp">
      <Filter>Fichiers sources</Filter>
    </ClCompile>
    <ClCompile Include="coupon.cpp">
      <Filter>Fichiers sources</Filter>
    </ClCompile>
    <ClCompile Include="flightPass.cpp">
      <Filter>Fichiers sources</Filter>
    </ClCompile>
    <ClCompile Include="flightPassSolde.cpp">
      <Filter>Fichiers sources</Filter>
    </ClCompile>
    <ClCompile Include="gestionnaireCoupons.cpp">
      <Filter>Fichiers sources</Filter>
    </ClCompile>
    <ClCompile Include="gestionnaireMembres.cpp">
      <Filter>Fichiers sources</Filter>
    </ClCompile>
    <ClCompile Include="main.cpp">
      <Filter>Fichiers sources</Filter>
    </ClCompile>
    <ClCompile Include="membre.cpp">
      <Filter>Fichiers sources</Filter>
    </ClCompile>
    <ClCompile Include="membrePremium.cpp">
      <Filter>Fichiers sources</Filter>
    </ClCompile>
    <ClCompile Include="membreRegulier.cpp">
      <Filter>Fichiers sources</Filter>
    </ClCompile>
    <ClCompile Include="solde.cpp">
      <Filter>Fichiers sources</Filter>
    </ClCompile>
  </ItemGroup>
  <ItemGroup>
    <ClInclude Include="..\enonce\billetRegulier.h">
      <Filter>Fichiers de ressources</Filter>
    </ClInclude>
    <ClInclude Include="..\enonce\billet.h">
      <Filter>Fichiers de ressources</Filter>
    </ClInclude>
    <ClInclude Include="..\enonce\billetRegulierSolde.h">
      <Filter>Fichiers de ressources</Filter>
    </ClInclude>
    <ClInclude Include="..\enonce\coupon.h">
      <Filter>Fichiers de ressources</Filter>
    </ClInclude>
    <ClInclude Include="..\enonce\def.h">
      <Filter>Fichiers de ressources</Filter>
    </ClInclude>
    <ClInclude Include="..\enonce\flightPass.h">
      <Filter>Fichiers de ressources</Filter>
    </ClInclude>
    <ClInclude Include="..\enonce\gestionnaireCoupons.h">
      <Filter>Fichiers de ressources</Filter>
    </ClInclude>
    <ClInclude Include="..\enonce\foncteur.h">
      <Filter>Fichiers de ressources</Filter>
    </ClInclude>
    <ClInclude Include="..\enonce\flightPassSolde.h">
      <Filter>Fichiers de ressources</Filter>
    </ClInclude>
    <ClInclude Include="..\enonce\solde.h">
      <Filter>Fichiers de ressources</Filter>
    </ClInclude>
    <ClInclude Include="..\enonce\membreRegulier.h">
      <Filter>Fichiers de ressources</Filter>
    </ClInclude>
    <ClInclude Include="..\enonce\membrePremium.h">
      <Filter>Fichiers de ressources</Filter>
    </ClInclude>
    <ClInclude Include="..\enonce\membre.h">
      <Filter>Fichiers de ressources</Filter>
    </ClInclude>
    <ClInclude Include="..\enonce\gestionnaireMembres.h">
      <Filter>Fichiers de ressources</Filter>
    </ClInclude>
    <ClInclude Include="..\enonce\gestionnaireGenerique.h">
      <Filter>Fichiers de ressources</Filter>
    </ClInclude>
    <ClInclude Include="billet.h">
      <Filter>Fichiers d%27en-tête</Filter>
    </ClInclude>
    <ClInclude Include="billetRegulier.h">
      <Filter>Fichiers d%27en-tête</Filter>
    </ClInclude>
    <ClInclude Include="billetRegulierSolde.h">
      <Filter>Fichiers d%27en-tête</Filter>
    </ClInclude>
    <ClInclude Include="coupon.h">
      <Filter>Fichiers d%27en-tête</Filter>
    </ClInclude>
    <ClInclude Include="def.h">
      <Filter>Fichiers d%27en-tête</Filter>
    </ClInclude>
    <ClInclude Include="flightPass.h">
      <Filter>Fichiers d%27en-tête</Filter>
    </ClInclude>
    <ClInclude Include="flightPassSolde.h">
      <Filter>Fichiers d%27en-tête</Filter>
    </ClInclude>
    <ClInclude Include="foncteur.h">
      <Filter>Fichiers d%27en-tête</Filter>
    </ClInclude>
    <ClInclude Include="gestionnaireCoupons.h">
      <Filter>Fichiers d%27en-tête</Filter>
    </ClInclude>
    <ClInclude Include="gestionnaireGenerique.h">
      <Filter>Fichiers d%27en-tête</Filter>
    </ClInclude>
    <ClInclude Include="gestionnaireMembres.h">
      <Filter>Fichiers d%27en-tête</Filter>
    </ClInclude>
    <ClInclude Include="membre.h">
      <Filter>Fichiers d%27en-tête</Filter>
    </ClInclude>
    <ClInclude Include="membrePremium.h">
      <Filter>Fichiers d%27en-tête</Filter>
    </ClInclude>
    <ClInclude Include="membreRegulier.h">
      <Filter>Fichiers d%27en-tête</Filter>
    </ClInclude>
    <ClInclude Include="solde.h">
      <Filter>Fichiers d%27en-tête</Filter>
    </ClInclude>
  </ItemGroup>
</Project>